dependencies:
- name: cert
  repository: file://../cert
  version: 0.50.0
- name: influxdb
  repository: file://../influxdb
  version: 0.50.0
- name: telegraf
  repository: file://../telegraf
  version: 0.50.0
- name: telegraf
  repository: file://../telegraf
  version: 0.50.0
- name: fluxd
  repository: file://../fluxd
  version: 0.50.0
- name: grafana
  repository: file://../grafana
  version: 0.50.0
- name: throttler
  repository: file://../throttler
  version: 0.50.0
- name: rsyslog-client
  repository: file://../rsyslog-client
  version: 0.50.0
- name: prometheus
  repository: https://asdrepo.isus.emc.com/artifactory/atlantic-helm-build/
  version: 11.1.2
digest: sha256:8875bf9ad696dc2ff3d7c605fafb267d4a70c83f7a0da4a1f9c4a678b15bc1da
generated: "2020-09-16T14:44:24.087337011Z"
