dependencies:
- name: zookeeper-operator
  repository: file://../zookeeper-operator
  version: 0.2.7
- name: atlas-operator
  repository: file://../atlas-operator
  version: 0.26.0
- name: sonobuoy
  repository: file://../sonobuoy
  version: 0.16.6
- name: objectscale-monitoring
  repository: file://../monitoring/objectscale-monitoring
  version: 0.33.0
digest: sha256:e7d5696ab5a55fe1f38ed005e3440212c950bf4a77481d40f0158670df83ac84
generated: "2020-09-14T13:13:14.435850483Z"
