dependencies:
- name: cert
  repository: file://../cert
  version: 0.50.0
- name: influxdb
  repository: file://../influxdb
  version: 0.50.0
- name: telegraf
  repository: file://../telegraf
  version: 0.50.0
- name: telegraf-ds
  repository: file://../telegraf-ds
  version: 0.50.0
- name: fluxd
  repository: file://../fluxd
  version: 0.50.0
- name: grafana
  repository: file://../grafana
  version: 0.50.0
- name: throttler
  repository: file://../throttler
  version: 0.50.0
- name: rsyslog
  repository: file://../rsyslog
  version: 0.50.0
- name: rsyslog-client
  repository: file://../rsyslog-client
  version: 0.50.0
- name: prometheus-alerts
  repository: file://../prometheus-alerts
  version: 0.50.0
digest: sha256:31b2869708ed93022ea0f8f10f3d495034191fe6c3f966fe62f12fc5826f53ac
generated: "2020-09-16T14:39:28.69568676Z"
