dependencies:
- name: cert
  repository: file://../cert
  version: 0.33.0
- name: influxdb
  repository: file://../influxdb
  version: 0.33.0
- name: telegraf
  repository: file://../telegraf
  version: 0.33.0
- name: telegraf-ds
  repository: file://../telegraf-ds
  version: 0.33.0
- name: fluxd
  repository: file://../fluxd
  version: 0.33.0
- name: grafana
  repository: file://../grafana
  version: 0.33.0
- name: throttler
  repository: file://../throttler
  version: 0.33.0
- name: rsyslog
  repository: file://../rsyslog
  version: 0.33.0
- name: rsyslog-client
  repository: file://../rsyslog-client
  version: 0.33.0
- name: prometheus-alerts
  repository: file://../prometheus-alerts
  version: 0.33.0
digest: sha256:6e237226041e0f46ca51e508eb5baa0b12338c3eab67bbfd5d45ef6a41cc9902
generated: "2020-09-11T08:54:19.342024941Z"
